
Microsoft Visual Studio Solution File, Format Version 12.00
# Visual Studio Version 16
VisualStudioVersion = 16.0.32630.194
MinimumVisualStudioVersion = 10.0.40219.1
Project("{FAE04EC0-301F-11D3-BF4B-00C04F79EFBC}") = "MasterPage", "MasterPage\MasterPage.csproj", "{B57EF257-38BE-4E55-B321-D431B5A591CD}"
EndProject
Global
	GlobalSection(SolutionConfigurationPlatforms) = preSolution
		Debug|Any CPU = Debug|Any CPU
		Release|Any CPU = Release|Any CPU
	EndGlobalSection
	GlobalSection(ProjectConfigurationPlatforms) = postSolution
		{B57EF257-38BE-4E55-B321-D431B5A591CD}.Debug|Any CPU.ActiveCfg = Debug|Any CPU
		{B57EF257-38BE-4E55-B321-D431B5A591CD}.Debug|Any CPU.Build.0 = Debug|Any CPU
		{B57EF257-38BE-4E55-B321-D431B5A591CD}.Release|Any CPU.ActiveCfg = Release|Any CPU
		{B57EF257-38BE-4E55-B321-D431B5A591CD}.Release|Any CPU.Build.0 = Release|Any CPU
	EndGlobalSection
	GlobalSection(SolutionProperties) = preSolution
		HideSolutionNode = FALSE
	EndGlobalSection
	GlobalSection(ExtensibilityGlobals) = postSolution
		SolutionGuid = {2102C41F-A003-4F10-A5BB-4DC2A749A5BB}
	EndGlobalSection
EndGlobal
