
Microsoft Visual Studio Solution File, Format Version 12.00
# Visual Studio Version 16
VisualStudioVersion = 16.0.32630.194
MinimumVisualStudioVersion = 10.0.40219.1
Project("{FAE04EC0-301F-11D3-BF4B-00C04F79EFBC}") = "ModelValidations", "ModelValidations\ModelValidations.csproj", "{1E699BF7-D7F6-450D-8916-1AB7FD5B98D4}"
EndProject
Global
	GlobalSection(SolutionConfigurationPlatforms) = preSolution
		Debug|Any CPU = Debug|Any CPU
		Release|Any CPU = Release|Any CPU
	EndGlobalSection
	GlobalSection(ProjectConfigurationPlatforms) = postSolution
		{1E699BF7-D7F6-450D-8916-1AB7FD5B98D4}.Debug|Any CPU.ActiveCfg = Debug|Any CPU
		{1E699BF7-D7F6-450D-8916-1AB7FD5B98D4}.Debug|Any CPU.Build.0 = Debug|Any CPU
		{1E699BF7-D7F6-450D-8916-1AB7FD5B98D4}.Release|Any CPU.ActiveCfg = Release|Any CPU
		{1E699BF7-D7F6-450D-8916-1AB7FD5B98D4}.Release|Any CPU.Build.0 = Release|Any CPU
	EndGlobalSection
	GlobalSection(SolutionProperties) = preSolution
		HideSolutionNode = FALSE
	EndGlobalSection
	GlobalSection(ExtensibilityGlobals) = postSolution
		SolutionGuid = {A45ECD8E-E626-4718-BF22-AC85A0F87F1B}
	EndGlobalSection
EndGlobal
