
Microsoft Visual Studio Solution File, Format Version 12.00
# Visual Studio Version 16
VisualStudioVersion = 16.0.32630.194
MinimumVisualStudioVersion = 10.0.40219.1
Project("{FAE04EC0-301F-11D3-BF4B-00C04F79EFBC}") = "DotNet_Day14", "DotNet_Day14\DotNet_Day14.csproj", "{49E29641-9036-45D2-8443-6C9787CD25CE}"
EndProject
Global
	GlobalSection(SolutionConfigurationPlatforms) = preSolution
		Debug|Any CPU = Debug|Any CPU
		Release|Any CPU = Release|Any CPU
	EndGlobalSection
	GlobalSection(ProjectConfigurationPlatforms) = postSolution
		{49E29641-9036-45D2-8443-6C9787CD25CE}.Debug|Any CPU.ActiveCfg = Debug|Any CPU
		{49E29641-9036-45D2-8443-6C9787CD25CE}.Debug|Any CPU.Build.0 = Debug|Any CPU
		{49E29641-9036-45D2-8443-6C9787CD25CE}.Release|Any CPU.ActiveCfg = Release|Any CPU
		{49E29641-9036-45D2-8443-6C9787CD25CE}.Release|Any CPU.Build.0 = Release|Any CPU
	EndGlobalSection
	GlobalSection(SolutionProperties) = preSolution
		HideSolutionNode = FALSE
	EndGlobalSection
	GlobalSection(ExtensibilityGlobals) = postSolution
		SolutionGuid = {C0A70635-43E2-4788-A168-2F90528125C3}
	EndGlobalSection
EndGlobal
