
Microsoft Visual Studio Solution File, Format Version 12.00
# Visual Studio Version 16
VisualStudioVersion = 16.0.32630.194
MinimumVisualStudioVersion = 10.0.40219.1
Project("{FAE04EC0-301F-11D3-BF4B-00C04F79EFBC}") = "Basic_Crud", "Basic_Crud\Basic_Crud.csproj", "{16B9EBA4-17EC-403B-9BAB-13A598609C82}"
EndProject
Global
	GlobalSection(SolutionConfigurationPlatforms) = preSolution
		Debug|Any CPU = Debug|Any CPU
		Release|Any CPU = Release|Any CPU
	EndGlobalSection
	GlobalSection(ProjectConfigurationPlatforms) = postSolution
		{16B9EBA4-17EC-403B-9BAB-13A598609C82}.Debug|Any CPU.ActiveCfg = Debug|Any CPU
		{16B9EBA4-17EC-403B-9BAB-13A598609C82}.Debug|Any CPU.Build.0 = Debug|Any CPU
		{16B9EBA4-17EC-403B-9BAB-13A598609C82}.Release|Any CPU.ActiveCfg = Release|Any CPU
		{16B9EBA4-17EC-403B-9BAB-13A598609C82}.Release|Any CPU.Build.0 = Release|Any CPU
	EndGlobalSection
	GlobalSection(SolutionProperties) = preSolution
		HideSolutionNode = FALSE
	EndGlobalSection
	GlobalSection(ExtensibilityGlobals) = postSolution
		SolutionGuid = {CC985DE6-036E-41F1-9AD0-300BFB10F635}
	EndGlobalSection
EndGlobal
