
Microsoft Visual Studio Solution File, Format Version 12.00
# Visual Studio Version 16
VisualStudioVersion = 16.0.32630.194
MinimumVisualStudioVersion = 10.0.40219.1
Project("{FAE04EC0-301F-11D3-BF4B-00C04F79EFBC}") = "MVC_Day2", "MVC_Day2\MVC_Day2.csproj", "{90F48DC3-8167-41A0-9EFC-25FDD12FEF6A}"
EndProject
Global
	GlobalSection(SolutionConfigurationPlatforms) = preSolution
		Debug|Any CPU = Debug|Any CPU
		Release|Any CPU = Release|Any CPU
	EndGlobalSection
	GlobalSection(ProjectConfigurationPlatforms) = postSolution
		{90F48DC3-8167-41A0-9EFC-25FDD12FEF6A}.Debug|Any CPU.ActiveCfg = Debug|Any CPU
		{90F48DC3-8167-41A0-9EFC-25FDD12FEF6A}.Debug|Any CPU.Build.0 = Debug|Any CPU
		{90F48DC3-8167-41A0-9EFC-25FDD12FEF6A}.Release|Any CPU.ActiveCfg = Release|Any CPU
		{90F48DC3-8167-41A0-9EFC-25FDD12FEF6A}.Release|Any CPU.Build.0 = Release|Any CPU
	EndGlobalSection
	GlobalSection(SolutionProperties) = preSolution
		HideSolutionNode = FALSE
	EndGlobalSection
	GlobalSection(ExtensibilityGlobals) = postSolution
		SolutionGuid = {2D02303E-A176-4890-98AD-5BFD770F5862}
	EndGlobalSection
EndGlobal
