
Microsoft Visual Studio Solution File, Format Version 12.00
# Visual Studio Version 16
VisualStudioVersion = 16.0.32630.194
MinimumVisualStudioVersion = 10.0.40219.1
Project("{FAE04EC0-301F-11D3-BF4B-00C04F79EFBC}") = "Javascript", "Javascript\Javascript.csproj", "{AC057FFE-C7DB-4B22-8665-E38E4823E707}"
EndProject
Global
	GlobalSection(SolutionConfigurationPlatforms) = preSolution
		Debug|Any CPU = Debug|Any CPU
		Release|Any CPU = Release|Any CPU
	EndGlobalSection
	GlobalSection(ProjectConfigurationPlatforms) = postSolution
		{AC057FFE-C7DB-4B22-8665-E38E4823E707}.Debug|Any CPU.ActiveCfg = Debug|Any CPU
		{AC057FFE-C7DB-4B22-8665-E38E4823E707}.Debug|Any CPU.Build.0 = Debug|Any CPU
		{AC057FFE-C7DB-4B22-8665-E38E4823E707}.Release|Any CPU.ActiveCfg = Release|Any CPU
		{AC057FFE-C7DB-4B22-8665-E38E4823E707}.Release|Any CPU.Build.0 = Release|Any CPU
	EndGlobalSection
	GlobalSection(SolutionProperties) = preSolution
		HideSolutionNode = FALSE
	EndGlobalSection
	GlobalSection(ExtensibilityGlobals) = postSolution
		SolutionGuid = {8C406A23-6D87-4F64-8B5D-7407FE09CFF9}
	EndGlobalSection
EndGlobal
