
Microsoft Visual Studio Solution File, Format Version 12.00
# Visual Studio Version 16
VisualStudioVersion = 16.0.32630.194
MinimumVisualStudioVersion = 10.0.40219.1
Project("{FAE04EC0-301F-11D3-BF4B-00C04F79EFBC}") = "SingleTon2", "SingleTon2\SingleTon2.csproj", "{1CC885FC-9A0F-4246-B41F-2B8EF0AC61BA}"
EndProject
Global
	GlobalSection(SolutionConfigurationPlatforms) = preSolution
		Debug|Any CPU = Debug|Any CPU
		Release|Any CPU = Release|Any CPU
	EndGlobalSection
	GlobalSection(ProjectConfigurationPlatforms) = postSolution
		{1CC885FC-9A0F-4246-B41F-2B8EF0AC61BA}.Debug|Any CPU.ActiveCfg = Debug|Any CPU
		{1CC885FC-9A0F-4246-B41F-2B8EF0AC61BA}.Debug|Any CPU.Build.0 = Debug|Any CPU
		{1CC885FC-9A0F-4246-B41F-2B8EF0AC61BA}.Release|Any CPU.ActiveCfg = Release|Any CPU
		{1CC885FC-9A0F-4246-B41F-2B8EF0AC61BA}.Release|Any CPU.Build.0 = Release|Any CPU
	EndGlobalSection
	GlobalSection(SolutionProperties) = preSolution
		HideSolutionNode = FALSE
	EndGlobalSection
	GlobalSection(ExtensibilityGlobals) = postSolution
		SolutionGuid = {A720A97A-677E-433C-B4A3-F40C63EA6B66}
	EndGlobalSection
EndGlobal
