
Microsoft Visual Studio Solution File, Format Version 12.00
# Visual Studio Version 16
VisualStudioVersion = 16.0.32630.194
MinimumVisualStudioVersion = 10.0.40219.1
Project("{FAE04EC0-301F-11D3-BF4B-00C04F79EFBC}") = "DI_pattern2", "DI_pattern2\DI_pattern2.csproj", "{3B45248D-06F9-4726-A808-F28475330BFD}"
EndProject
Global
	GlobalSection(SolutionConfigurationPlatforms) = preSolution
		Debug|Any CPU = Debug|Any CPU
		Release|Any CPU = Release|Any CPU
	EndGlobalSection
	GlobalSection(ProjectConfigurationPlatforms) = postSolution
		{3B45248D-06F9-4726-A808-F28475330BFD}.Debug|Any CPU.ActiveCfg = Debug|Any CPU
		{3B45248D-06F9-4726-A808-F28475330BFD}.Debug|Any CPU.Build.0 = Debug|Any CPU
		{3B45248D-06F9-4726-A808-F28475330BFD}.Release|Any CPU.ActiveCfg = Release|Any CPU
		{3B45248D-06F9-4726-A808-F28475330BFD}.Release|Any CPU.Build.0 = Release|Any CPU
	EndGlobalSection
	GlobalSection(SolutionProperties) = preSolution
		HideSolutionNode = FALSE
	EndGlobalSection
	GlobalSection(ExtensibilityGlobals) = postSolution
		SolutionGuid = {AAC134ED-0BC9-4D72-9A62-50059E9E9B09}
	EndGlobalSection
EndGlobal
