
Microsoft Visual Studio Solution File, Format Version 12.00
# Visual Studio Version 16
VisualStudioVersion = 16.0.32630.194
MinimumVisualStudioVersion = 10.0.40219.1
Project("{FAE04EC0-301F-11D3-BF4B-00C04F79EFBC}") = "LInqToSQL", "LInqToSQL\LInqToSQL.csproj", "{4F50AC28-BADC-4B4E-B0BD-2B3906AECA4A}"
EndProject
Global
	GlobalSection(SolutionConfigurationPlatforms) = preSolution
		Debug|Any CPU = Debug|Any CPU
		Release|Any CPU = Release|Any CPU
	EndGlobalSection
	GlobalSection(ProjectConfigurationPlatforms) = postSolution
		{4F50AC28-BADC-4B4E-B0BD-2B3906AECA4A}.Debug|Any CPU.ActiveCfg = Debug|Any CPU
		{4F50AC28-BADC-4B4E-B0BD-2B3906AECA4A}.Debug|Any CPU.Build.0 = Debug|Any CPU
		{4F50AC28-BADC-4B4E-B0BD-2B3906AECA4A}.Release|Any CPU.ActiveCfg = Release|Any CPU
		{4F50AC28-BADC-4B4E-B0BD-2B3906AECA4A}.Release|Any CPU.Build.0 = Release|Any CPU
	EndGlobalSection
	GlobalSection(SolutionProperties) = preSolution
		HideSolutionNode = FALSE
	EndGlobalSection
	GlobalSection(ExtensibilityGlobals) = postSolution
		SolutionGuid = {39A682C1-4515-43DA-A8BB-9925808EB870}
	EndGlobalSection
EndGlobal
