
Microsoft Visual Studio Solution File, Format Version 12.00
# Visual Studio Version 16
VisualStudioVersion = 16.0.32630.194
MinimumVisualStudioVersion = 10.0.40219.1
Project("{FAE04EC0-301F-11D3-BF4B-00C04F79EFBC}") = "DotNet_Day12", "DotNet_Day12\DotNet_Day12.csproj", "{939ABFB7-3E04-4268-871D-BF116132B380}"
EndProject
Global
	GlobalSection(SolutionConfigurationPlatforms) = preSolution
		Debug|Any CPU = Debug|Any CPU
		Release|Any CPU = Release|Any CPU
	EndGlobalSection
	GlobalSection(ProjectConfigurationPlatforms) = postSolution
		{939ABFB7-3E04-4268-871D-BF116132B380}.Debug|Any CPU.ActiveCfg = Debug|Any CPU
		{939ABFB7-3E04-4268-871D-BF116132B380}.Debug|Any CPU.Build.0 = Debug|Any CPU
		{939ABFB7-3E04-4268-871D-BF116132B380}.Release|Any CPU.ActiveCfg = Release|Any CPU
		{939ABFB7-3E04-4268-871D-BF116132B380}.Release|Any CPU.Build.0 = Release|Any CPU
	EndGlobalSection
	GlobalSection(SolutionProperties) = preSolution
		HideSolutionNode = FALSE
	EndGlobalSection
	GlobalSection(ExtensibilityGlobals) = postSolution
		SolutionGuid = {0301928A-E5F3-4285-B698-C6D027085A71}
	EndGlobalSection
EndGlobal
