
Microsoft Visual Studio Solution File, Format Version 12.00
# Visual Studio Version 16
VisualStudioVersion = 16.0.32630.194
MinimumVisualStudioVersion = 10.0.40219.1
Project("{FAE04EC0-301F-11D3-BF4B-00C04F79EFBC}") = "Validations", "Validations\Validations.csproj", "{1959DA80-4F4F-4386-B80A-5C443F2D71D7}"
EndProject
Global
	GlobalSection(SolutionConfigurationPlatforms) = preSolution
		Debug|Any CPU = Debug|Any CPU
		Release|Any CPU = Release|Any CPU
	EndGlobalSection
	GlobalSection(ProjectConfigurationPlatforms) = postSolution
		{1959DA80-4F4F-4386-B80A-5C443F2D71D7}.Debug|Any CPU.ActiveCfg = Debug|Any CPU
		{1959DA80-4F4F-4386-B80A-5C443F2D71D7}.Debug|Any CPU.Build.0 = Debug|Any CPU
		{1959DA80-4F4F-4386-B80A-5C443F2D71D7}.Release|Any CPU.ActiveCfg = Release|Any CPU
		{1959DA80-4F4F-4386-B80A-5C443F2D71D7}.Release|Any CPU.Build.0 = Release|Any CPU
	EndGlobalSection
	GlobalSection(SolutionProperties) = preSolution
		HideSolutionNode = FALSE
	EndGlobalSection
	GlobalSection(ExtensibilityGlobals) = postSolution
		SolutionGuid = {07428D1B-6C49-4773-9BB9-EA1F7D3EB823}
	EndGlobalSection
EndGlobal
