
Microsoft Visual Studio Solution File, Format Version 12.00
# Visual Studio Version 16
VisualStudioVersion = 16.0.32630.194
MinimumVisualStudioVersion = 10.0.40219.1
Project("{FAE04EC0-301F-11D3-BF4B-00C04F79EFBC}") = "Day3_DotNet", "Day3_DotNet\Day3_DotNet.csproj", "{F32FC96C-01C2-4DC7-BB40-AF128D5B62C3}"
EndProject
Global
	GlobalSection(SolutionConfigurationPlatforms) = preSolution
		Debug|Any CPU = Debug|Any CPU
		Release|Any CPU = Release|Any CPU
	EndGlobalSection
	GlobalSection(ProjectConfigurationPlatforms) = postSolution
		{F32FC96C-01C2-4DC7-BB40-AF128D5B62C3}.Debug|Any CPU.ActiveCfg = Debug|Any CPU
		{F32FC96C-01C2-4DC7-BB40-AF128D5B62C3}.Debug|Any CPU.Build.0 = Debug|Any CPU
		{F32FC96C-01C2-4DC7-BB40-AF128D5B62C3}.Release|Any CPU.ActiveCfg = Release|Any CPU
		{F32FC96C-01C2-4DC7-BB40-AF128D5B62C3}.Release|Any CPU.Build.0 = Release|Any CPU
	EndGlobalSection
	GlobalSection(SolutionProperties) = preSolution
		HideSolutionNode = FALSE
	EndGlobalSection
	GlobalSection(ExtensibilityGlobals) = postSolution
		SolutionGuid = {5C0ABFAC-C4A9-4A6C-9FBF-35724190B4FF}
	EndGlobalSection
EndGlobal
