
Microsoft Visual Studio Solution File, Format Version 12.00
# Visual Studio Version 16
VisualStudioVersion = 16.0.32630.194
MinimumVisualStudioVersion = 10.0.40219.1
Project("{FAE04EC0-301F-11D3-BF4B-00C04F79EFBC}") = "Html", "Html\Html.csproj", "{B4A819D5-BA9B-4595-B950-C0FE3CAE8C20}"
EndProject
Global
	GlobalSection(SolutionConfigurationPlatforms) = preSolution
		Debug|Any CPU = Debug|Any CPU
		Release|Any CPU = Release|Any CPU
	EndGlobalSection
	GlobalSection(ProjectConfigurationPlatforms) = postSolution
		{B4A819D5-BA9B-4595-B950-C0FE3CAE8C20}.Debug|Any CPU.ActiveCfg = Debug|Any CPU
		{B4A819D5-BA9B-4595-B950-C0FE3CAE8C20}.Debug|Any CPU.Build.0 = Debug|Any CPU
		{B4A819D5-BA9B-4595-B950-C0FE3CAE8C20}.Release|Any CPU.ActiveCfg = Release|Any CPU
		{B4A819D5-BA9B-4595-B950-C0FE3CAE8C20}.Release|Any CPU.Build.0 = Release|Any CPU
	EndGlobalSection
	GlobalSection(SolutionProperties) = preSolution
		HideSolutionNode = FALSE
	EndGlobalSection
	GlobalSection(ExtensibilityGlobals) = postSolution
		SolutionGuid = {909E5EC7-D998-48D1-B75B-63986D4681F3}
	EndGlobalSection
EndGlobal
