
Microsoft Visual Studio Solution File, Format Version 12.00
# Visual Studio Version 16
VisualStudioVersion = 16.0.32630.194
MinimumVisualStudioVersion = 10.0.40219.1
Project("{FAE04EC0-301F-11D3-BF4B-00C04F79EFBC}") = "DotNet_Day11", "DotNet_Day11\DotNet_Day11.csproj", "{06F88821-F9DC-460F-BAD1-48F15F609FAB}"
EndProject
Global
	GlobalSection(SolutionConfigurationPlatforms) = preSolution
		Debug|Any CPU = Debug|Any CPU
		Release|Any CPU = Release|Any CPU
	EndGlobalSection
	GlobalSection(ProjectConfigurationPlatforms) = postSolution
		{06F88821-F9DC-460F-BAD1-48F15F609FAB}.Debug|Any CPU.ActiveCfg = Debug|Any CPU
		{06F88821-F9DC-460F-BAD1-48F15F609FAB}.Debug|Any CPU.Build.0 = Debug|Any CPU
		{06F88821-F9DC-460F-BAD1-48F15F609FAB}.Release|Any CPU.ActiveCfg = Release|Any CPU
		{06F88821-F9DC-460F-BAD1-48F15F609FAB}.Release|Any CPU.Build.0 = Release|Any CPU
	EndGlobalSection
	GlobalSection(SolutionProperties) = preSolution
		HideSolutionNode = FALSE
	EndGlobalSection
	GlobalSection(ExtensibilityGlobals) = postSolution
		SolutionGuid = {F40949D3-33B1-4C51-8FE3-DFD138B8A21D}
	EndGlobalSection
EndGlobal
