
Microsoft Visual Studio Solution File, Format Version 12.00
# Visual Studio Version 16
VisualStudioVersion = 16.0.32630.194
MinimumVisualStudioVersion = 10.0.40219.1
Project("{FAE04EC0-301F-11D3-BF4B-00C04F79EFBC}") = "Exceptions", "Exceptions\Exceptions.csproj", "{7D83E217-A1F4-495A-A56A-3F4314C78220}"
EndProject
Global
	GlobalSection(SolutionConfigurationPlatforms) = preSolution
		Debug|Any CPU = Debug|Any CPU
		Release|Any CPU = Release|Any CPU
	EndGlobalSection
	GlobalSection(ProjectConfigurationPlatforms) = postSolution
		{7D83E217-A1F4-495A-A56A-3F4314C78220}.Debug|Any CPU.ActiveCfg = Debug|Any CPU
		{7D83E217-A1F4-495A-A56A-3F4314C78220}.Debug|Any CPU.Build.0 = Debug|Any CPU
		{7D83E217-A1F4-495A-A56A-3F4314C78220}.Release|Any CPU.ActiveCfg = Release|Any CPU
		{7D83E217-A1F4-495A-A56A-3F4314C78220}.Release|Any CPU.Build.0 = Release|Any CPU
	EndGlobalSection
	GlobalSection(SolutionProperties) = preSolution
		HideSolutionNode = FALSE
	EndGlobalSection
	GlobalSection(ExtensibilityGlobals) = postSolution
		SolutionGuid = {7D0BA5A0-4780-494A-BC9B-554FDCCA831B}
	EndGlobalSection
EndGlobal
